<?xml version="1.0" encoding="utf-8"?>
<Project ToolsVersion="4.0" xmlns="http://schemas.microsoft.com/developer/msbuild/2003">
  <ItemGroup>
    <Filter Include="Cmd">
      <UniqueIdentifier>{bc8d3bb6-ddf6-499e-a0fd-e0a02a027cd7}</UniqueIdentifier>
    </Filter>
    <Filter Include="Doc">
      <UniqueIdentifier>{179b29f4-fa44-466f-bbcc-e3cd57ef1587}</UniqueIdentifier>
    </Filter>
    <Filter Include="Editor">
      <UniqueIdentifier>{b30f41b3-b114-42b5-9263-e9df21df9751}</UniqueIdentifier>
    </Filter>
    <Filter Include="Generic">
      <UniqueIdentifier>{8728b23c-81c4-4be8-a1a9-c0f436995dbe}</UniqueIdentifier>
    </Filter>
    <Filter Include="Plugin">
      <UniqueIdentifier>{cb333ed3-1e31-432a-9c49-5fd7d0677fec}</UniqueIdentifier>
    </Filter>
    <Filter Include="Script">
      <UniqueIdentifier>{ab292807-1dcb-44fd-878d-aef55f10d91f}</UniqueIdentifier>
    </Filter>
    <Filter Include="Sdk">
      <UniqueIdentifier>{5f37ce33-3ac9-4a82-9f6f-e2c5c9bcff3f}</UniqueIdentifier>
    </Filter>
    <Filter Include="Type">
      <UniqueIdentifier>{89a20c5a-999c-413f-b3a6-52fc6888f4c6}</UniqueIdentifier>
    </Filter>
    <Filter Include="Ui">
      <UniqueIdentifier>{9476a000-03c8-403b-b741-6ea1509430a4}</UniqueIdentifier>
    </Filter>
  </ItemGroup>
  <ItemGroup>
    <ClInclude Include="CmdManager.h">
      <Filter>Cmd</Filter>
    </ClInclude>
    <ClInclude Include="Delegate.h">
      <Filter>Generic</Filter>
    </ClInclude>
    <ClInclude Include="DocManager.h">
      <Filter>Doc</Filter>
    </ClInclude>
    <ClInclude Include="Editor.h">
      <Filter>Editor</Filter>
    </ClInclude>
    <ClInclude Include="EditorManager.h">
      <Filter>Editor</Filter>
    </ClInclude>
    <ClInclude Include="Language.h">
      <Filter>Generic</Filter>
    </ClInclude>
    <ClInclude Include="Manager.h">
      <Filter>Generic</Filter>
    </ClInclude>
    <ClInclude Include="MultiDelegate.h">
      <Filter>Generic</Filter>
    </ClInclude>
    <ClInclude Include="PluginManager.h">
      <Filter>Plugin</Filter>
    </ClInclude>
    <ClInclude Include="Registry.h">
      <Filter>Generic</Filter>
    </ClInclude>
    <ClInclude Include="ScriptManager.h">
      <Filter>Script</Filter>
    </ClInclude>
    <ClInclude Include="Sdk.h">
      <Filter>Sdk</Filter>
    </ClInclude>
    <ClInclude Include="sdk_pch.h">
      <Filter>Sdk</Filter>
    </ClInclude>
    <ClInclude Include="TypeManager.h">
      <Filter>Type</Filter>
    </ClInclude>
    <ClInclude Include="UiManager.h">
      <Filter>Ui</Filter>
    </ClInclude>
    <ClInclude Include="Ui\ClassicThemeProvider.h">
      <Filter>Ui</Filter>
    </ClInclude>
    <ClInclude Include="Ui\IArtProvider.h">
      <Filter>Ui</Filter>
    </ClInclude>
    <ClInclude Include="Ui\MenuHandler.h">
      <Filter>Ui</Filter>
    </ClInclude>
    <ClInclude Include="Ui\ToolbarHandler.h">
      <Filter>Ui</Filter>
    </ClInclude>
    <ClInclude Include="Utilities.h">
      <Filter>Generic</Filter>
    </ClInclude>
    <ClInclude Include="Variant.h">
      <Filter>Generic</Filter>
    </ClInclude>
    <ClInclude Include="Version.h">
      <Filter>Generic</Filter>
    </ClInclude>
  </ItemGroup>
  <ItemGroup>
    <ClCompile Include="CmdManager.cpp">
      <Filter>Cmd</Filter>
    </ClCompile>
    <ClCompile Include="DocManager.cpp">
      <Filter>Doc</Filter>
    </ClCompile>
    <ClCompile Include="Editor.cpp">
      <Filter>Editor</Filter>
    </ClCompile>
    <ClCompile Include="EditorManager.cpp">
      <Filter>Editor</Filter>
    </ClCompile>
    <ClCompile Include="Language.cpp">
      <Filter>Generic</Filter>
    </ClCompile>
    <ClCompile Include="Manager.cpp">
      <Filter>Generic</Filter>
    </ClCompile>
    <ClCompile Include="PluginManager.cpp">
      <Filter>Plugin</Filter>
    </ClCompile>
    <ClCompile Include="Registry.cpp">
      <Filter>Generic</Filter>
    </ClCompile>
    <ClCompile Include="ScriptManager.cpp">
      <Filter>Script</Filter>
    </ClCompile>
    <ClCompile Include="Sdk.cpp">
      <Filter>Sdk</Filter>
    </ClCompile>
    <ClCompile Include="sdk_pch.cpp">
      <Filter>Sdk</Filter>
    </ClCompile>
    <ClCompile Include="TypeManager.cpp">
      <Filter>Type</Filter>
    </ClCompile>
    <ClCompile Include="UiManager.cpp">
      <Filter>Ui</Filter>
    </ClCompile>
    <ClCompile Include="Ui\ClassicThemeProvider.cpp">
      <Filter>Ui</Filter>
    </ClCompile>
    <ClCompile Include="Ui\MenuHandler.cpp">
      <Filter>Ui</Filter>
    </ClCompile>
    <ClCompile Include="Ui\ToolbarHandler.cpp">
      <Filter>Ui</Filter>
    </ClCompile>
    <ClCompile Include="Variant.cpp">
      <Filter>Generic</Filter>
    </ClCompile>
    <ClCompile Include="Version.cpp">
      <Filter>Generic</Filter>
    </ClCompile>
  </ItemGroup>
  <ItemGroup>
    <None Include="..\bin\Debug\ide\en.ini" />
    <None Include="..\bin\Debug\ide\layout.xml" />
  </ItemGroup>
</Project>